
Microsoft Visual Studio Solution File, Format Version 12.00
# Visual Studio Version 16
VisualStudioVersion = 16.0.31129.286
MinimumVisualStudioVersion = 10.0.40219.1
Project("{FAE04EC0-301F-11D3-BF4B-00C04F79EFBC}") = "AssetCat-Library", "AssetCat-Library.csproj", "{844D7BCB-DD02-47CA-B654-FB18627A0CEC}"
EndProject
Global
	GlobalSection(SolutionConfigurationPlatforms) = preSolution
		Debug|Any CPU = Debug|Any CPU
		Release|Any CPU = Release|Any CPU
	EndGlobalSection
	GlobalSection(ProjectConfigurationPlatforms) = postSolution
		{844D7BCB-DD02-47CA-B654-FB18627A0CEC}.Debug|Any CPU.ActiveCfg = Debug|Any CPU
		{844D7BCB-DD02-47CA-B654-FB18627A0CEC}.Debug|Any CPU.Build.0 = Debug|Any CPU
		{844D7BCB-DD02-47CA-B654-FB18627A0CEC}.Release|Any CPU.ActiveCfg = Release|Any CPU
		{844D7BCB-DD02-47CA-B654-FB18627A0CEC}.Release|Any CPU.Build.0 = Release|Any CPU
	EndGlobalSection
	GlobalSection(SolutionProperties) = preSolution
		HideSolutionNode = FALSE
	EndGlobalSection
	GlobalSection(ExtensibilityGlobals) = postSolution
		SolutionGuid = {5D7959EB-E0A1-4EBF-837D-92EAA82979DA}
	EndGlobalSection
EndGlobal
